PODS:
  - EasyNavigationBar (0.1.0):
    - Masonry
  - LookinServer (1.1.2):
    - LookinServer/Core (= 1.1.2)
  - LookinServer/Core (1.1.2)
  - Masonry (1.1.0)

DEPENDENCIES:
  - EasyNavigationBar (from `../`)
  - LookinServer

SPEC REPOS:
  trunk:
    - LookinServer
    - Masonry

EXTERNAL SOURCES:
  EasyNavigationBar:
    :path: "../"

SPEC CHECKSUMS:
  EasyNavigationBar: ba5dda506a93c83781bbf8737e5cef5c22853903
  LookinServer: bb667a77f1ee594a8e91226e729dbe49f3401f5c
  Masonry: 678fab65091a9290e40e2832a55e7ab731aad201

PODFILE CHECKSUM: 30f822ba70366bebde6fa4afa0a7bca37bf59273

COCOAPODS: 1.11.3
